
Microsoft Visual Studio Solution File, Format Version 12.00
# Visual Studio Version 16
VisualStudioVersion = 16.0.29215.179
MinimumVisualStudioVersion = 10.0.40219.1
Project("{FAE04EC0-301F-11D3-BF4B-00C04F79EFBC}") = "Assembly-CSharp", "Assembly-CSharp.csproj", "{A4F9F000-86C0-0F40-BAAA-CF8F144240AB}"
EndProject
Project("{FAE04EC0-301F-11D3-BF4B-00C04F79EFBC}") = "Assembly-CSharp-Editor", "Assembly-CSharp-Editor.csproj", "{D563EE21-1EEA-286D-A086-964BA6AC3A4C}"
EndProject
Global
	GlobalSection(SolutionConfigurationPlatforms) = preSolution
		Debug|Any CPU = Debug|Any CPU
		Release|Any CPU = Release|Any CPU
	EndGlobalSection
	GlobalSection(ProjectConfigurationPlatforms) = postSolution
		{A4F9F000-86C0-0F40-BAAA-CF8F144240AB}.Debug|Any CPU.ActiveCfg = Debug|Any CPU
		{A4F9F000-86C0-0F40-BAAA-CF8F144240AB}.Debug|Any CPU.Build.0 = Debug|Any CPU
		{A4F9F000-86C0-0F40-BAAA-CF8F144240AB}.Release|Any CPU.ActiveCfg = Release|Any CPU
		{A4F9F000-86C0-0F40-BAAA-CF8F144240AB}.Release|Any CPU.Build.0 = Release|Any CPU
		{D563EE21-1EEA-286D-A086-964BA6AC3A4C}.Debug|Any CPU.ActiveCfg = Debug|Any CPU
		{D563EE21-1EEA-286D-A086-964BA6AC3A4C}.Debug|Any CPU.Build.0 = Debug|Any CPU
		{D563EE21-1EEA-286D-A086-964BA6AC3A4C}.Release|Any CPU.ActiveCfg = Release|Any CPU
		{D563EE21-1EEA-286D-A086-964BA6AC3A4C}.Release|Any CPU.Build.0 = Release|Any CPU
	EndGlobalSection
	GlobalSection(SolutionProperties) = preSolution
		HideSolutionNode = FALSE
	EndGlobalSection
	GlobalSection(ExtensibilityGlobals) = postSolution
		SolutionGuid = {3183D7D9-B2D7-4B2B-9F55-7C3DCD50737B}
	EndGlobalSection
EndGlobal
